
Microsoft Visual Studio Solution File, Format Version 12.00
# Visual Studio 14
VisualStudioVersion = 14.0.22013.1
MinimumVisualStudioVersion = 10.0.40219.1
Project("{FAE04EC0-301F-11D3-BF4B-00C04F79EFBC}") = "SyntaxTreeDemo", "SyntaxTree\SyntaxTreeDemo.csproj", "{34012837-C7F1-426A-8B3B-F98D5BEDDB10}"
EndProject
Project("{FAE04EC0-301F-11D3-BF4B-00C04F79EFBC}") = "SyntaxWalkerDemo", "SyntaxWalker\SyntaxWalkerDemo.csproj", "{F5855E68-38A3-49E2-B66F-2C76A5FCE08E}"
EndProject
Project("{FAE04EC0-301F-11D3-BF4B-00C04F79EFBC}") = "SemanticAnalysisDemo", "SemanticAnalysisDemo\SemanticAnalysisDemo.csproj", "{5E6E3074-E8D8-41B8-9ABF-F8EA77CB4477}"
EndProject
Global
	GlobalSection(SolutionConfigurationPlatforms) = preSolution
		Debug|Any CPU = Debug|Any CPU
		Release|Any CPU = Release|Any CPU
	EndGlobalSection
	GlobalSection(ProjectConfigurationPlatforms) = postSolution
		{34012837-C7F1-426A-8B3B-F98D5BEDDB10}.Debug|Any CPU.ActiveCfg = Debug|Any CPU
		{34012837-C7F1-426A-8B3B-F98D5BEDDB10}.Debug|Any CPU.Build.0 = Debug|Any CPU
		{34012837-C7F1-426A-8B3B-F98D5BEDDB10}.Release|Any CPU.ActiveCfg = Release|Any CPU
		{34012837-C7F1-426A-8B3B-F98D5BEDDB10}.Release|Any CPU.Build.0 = Release|Any CPU
		{F5855E68-38A3-49E2-B66F-2C76A5FCE08E}.Debug|Any CPU.ActiveCfg = Debug|Any CPU
		{F5855E68-38A3-49E2-B66F-2C76A5FCE08E}.Debug|Any CPU.Build.0 = Debug|Any CPU
		{F5855E68-38A3-49E2-B66F-2C76A5FCE08E}.Release|Any CPU.ActiveCfg = Release|Any CPU
		{F5855E68-38A3-49E2-B66F-2C76A5FCE08E}.Release|Any CPU.Build.0 = Release|Any CPU
		{5E6E3074-E8D8-41B8-9ABF-F8EA77CB4477}.Debug|Any CPU.ActiveCfg = Debug|Any CPU
		{5E6E3074-E8D8-41B8-9ABF-F8EA77CB4477}.Debug|Any CPU.Build.0 = Debug|Any CPU
		{5E6E3074-E8D8-41B8-9ABF-F8EA77CB4477}.Release|Any CPU.ActiveCfg = Release|Any CPU
		{5E6E3074-E8D8-41B8-9ABF-F8EA77CB4477}.Release|Any CPU.Build.0 = Release|Any CPU
	EndGlobalSection
	GlobalSection(SolutionProperties) = preSolution
		HideSolutionNode = FALSE
	EndGlobalSection
EndGlobal
